
Microsoft Visual Studio Solution File, Format Version 12.00
# Visual Studio Version 16
VisualStudioVersion = 16.0.29215.179
MinimumVisualStudioVersion = 10.0.40219.1
Project("{FAE04EC0-301F-11D3-BF4B-00C04F79EFBC}") = "CodersStrikeBack", "CodersStrikeBack\CodersStrikeBack.csproj", "{A352C531-66ED-4B1F-99C3-EB74DDF29C5B}"
EndProject
Global
	GlobalSection(SolutionConfigurationPlatforms) = preSolution
		Debug|Any CPU = Debug|Any CPU
		Release|Any CPU = Release|Any CPU
	EndGlobalSection
	GlobalSection(ProjectConfigurationPlatforms) = postSolution
		{A352C531-66ED-4B1F-99C3-EB74DDF29C5B}.Debug|Any CPU.ActiveCfg = Debug|Any CPU
		{A352C531-66ED-4B1F-99C3-EB74DDF29C5B}.Debug|Any CPU.Build.0 = Debug|Any CPU
		{A352C531-66ED-4B1F-99C3-EB74DDF29C5B}.Release|Any CPU.ActiveCfg = Release|Any CPU
		{A352C531-66ED-4B1F-99C3-EB74DDF29C5B}.Release|Any CPU.Build.0 = Release|Any CPU
	EndGlobalSection
	GlobalSection(SolutionProperties) = preSolution
		HideSolutionNode = FALSE
	EndGlobalSection
	GlobalSection(ExtensibilityGlobals) = postSolution
		SolutionGuid = {35F231B0-973B-4A11-8EE7-9C7C4B588881}
	EndGlobalSection
EndGlobal
