
Microsoft Visual Studio Solution File, Format Version 12.00
# Visual Studio Version 16
VisualStudioVersion = 16.0.29806.167
MinimumVisualStudioVersion = 10.0.40219.1
Project("{FAE04EC0-301F-11D3-BF4B-00C04F79EFBC}") = "CodeOfKutulu", "CodeOfKutulu\CodeOfKutulu.csproj", "{5C547E79-4F73-4258-BC4A-318D6DDC9A93}"
EndProject
Global
	GlobalSection(SolutionConfigurationPlatforms) = preSolution
		Debug|Any CPU = Debug|Any CPU
		Release|Any CPU = Release|Any CPU
	EndGlobalSection
	GlobalSection(ProjectConfigurationPlatforms) = postSolution
		{5C547E79-4F73-4258-BC4A-318D6DDC9A93}.Debug|Any CPU.ActiveCfg = Debug|Any CPU
		{5C547E79-4F73-4258-BC4A-318D6DDC9A93}.Debug|Any CPU.Build.0 = Debug|Any CPU
		{5C547E79-4F73-4258-BC4A-318D6DDC9A93}.Release|Any CPU.ActiveCfg = Release|Any CPU
		{5C547E79-4F73-4258-BC4A-318D6DDC9A93}.Release|Any CPU.Build.0 = Release|Any CPU
	EndGlobalSection
	GlobalSection(SolutionProperties) = preSolution
		HideSolutionNode = FALSE
	EndGlobalSection
	GlobalSection(ExtensibilityGlobals) = postSolution
		SolutionGuid = {E466D414-4DD9-4702-AB85-EB4137B4B3F8}
	EndGlobalSection
EndGlobal
